// !$*UTF8*$!
{
	archiveVersion = 1;
	classes = {
	};
	objectVersion = 56;
	objects = {

/* Begin PBXBuildFile section */
		8A8D49FC2CA5514600D5D78D /* Water_TrackerApp.swift in Sources */ = {isa = PBXBuildFile; fileRef = 8A8D49FB2CA5514600D5D78D /* Water_TrackerApp.swift */; };
		8A8D49FE2CA5514600D5D78D /* ContentView.swift in Sources */ = {isa = PBXBuildFile; fileRef = 8A8D49FD2CA5514600D5D78D /* ContentView.swift */; };
		8A8D4A002CA5514700D5D78D /* Assets.xcassets in Resources */ = {isa = PBXBuildFile; fileRef = 8A8D49FF2CA5514700D5D78D /* Assets.xcassets */; };
		8A8D4A032CA5514700D5D78D /* Preview Assets.xcassets in Resources */ = {isa = PBXBuildFile; fileRef = 8A8D4A022CA5514700D5D78D /* Preview Assets.xcassets */; };
		8A8D4A0D2CA5514700D5D78D /* Water_TrackerTests.swift in Sources */ = {isa = PBXBuildFile; fileRef = 8A8D4A0C2CA5514700D5D78D /* Water_TrackerTests.swift */; };
		8A8D4A172CA5514700D5D78D /* Water_TrackerUITests.swift in Sources */ = {isa = PBXBuildFile; fileRef = 8A8D4A162CA5514700D5D78D /* Water_TrackerUITests.swift */; };
		8A8D4A192CA5514700D5D78D /* Water_TrackerUITestsLaunchTests.swift in Sources */ = {isa = PBXBuildFile; fileRef = 8A8D4A182CA5514700D5D78D /* Water_TrackerUITestsLaunchTests.swift */; };
/* End PBXBuildFile section */

/* Begin PBXContainerItemProxy section */
		8A8D4A092CA5514700D5D78D /* PBXContainerItemProxy */ = {
			isa = PBXContainerItemProxy;
			containerPortal = 8A8D49F02CA5514600D5D78D /* Project object */;
			proxyType = 1;
			remoteGlobalIDString = 8A8D49F72CA5514600D5D78D;
			remoteInfo = "Water Tracker";
		};
		8A8D4A132CA5514700D5D78D /* PBXContainerItemProxy */ = {
			isa = PBXContainerItemProxy;
			containerPortal = 8A8D49F02CA5514600D5D78D /* Project object */;
			proxyType = 1;
			remoteGlobalIDString = 8A8D49F72CA5514600D5D78D;
			remoteInfo = "Water Tracker";
		};
/* End PBXContainerItemProxy section */

/* Begin PBXFileReference section */
		8A8D49F82CA5514600D5D78D /* Water Tracker.app */ = {isa = PBXFileReference; explicitFileType = wrapper.application; includeInIndex = 0; path = "Water Tracker.app"; sourceTree = BUILT_PRODUCTS_DIR; };
		8A8D49FB2CA5514600D5D78D /* Water_TrackerApp.swift */ = {isa = PBXFileReference; lastKnownFileType = sourcecode.swift; path = Water_TrackerApp.swift; sourceTree = "<group>"; };
		8A8D49FD2CA5514600D5D78D /* ContentView.swift */ = {isa = PBXFileReference; lastKnownFileType = sourcecode.swift; path = ContentView.swift; sourceTree = "<group>"; };
		8A8D49FF2CA5514700D5D78D /* Assets.xcassets */ = {isa = PBXFileReference; lastKnownFileType = folder.assetcatalog; path = Assets.xcassets; sourceTree = "<group>"; };
		8A8D4A022CA5514700D5D78D /* Preview Assets.xcassets */ = {isa = PBXFileReference; lastKnownFileType = folder.assetcatalog; path = "Preview Assets.xcassets"; sourceTree = "<group>"; };
		8A8D4A082CA5514700D5D78D /* Water TrackerTests.xctest */ = {isa = PBXFileReference; explicitFileType = wrapper.cfbundle; includeInIndex = 0; path = "Water TrackerTests.xctest"; sourceTree = BUILT_PRODUCTS_DIR; };
		8A8D4A0C2CA5514700D5D78D /* Water_TrackerTests.swift */ = {isa = PBXFileReference; lastKnownFileType = sourcecode.swift; path = Water_TrackerTests.swift; sourceTree = "<group>"; };
		8A8D4A122CA5514700D5D78D /* Water TrackerUITests.xctest */ = {isa = PBXFileReference; explicitFileType = wrapper.cfbundle; includeInIndex = 0; path = "Water TrackerUITests.xctest"; sourceTree = BUILT_PRODUCTS_DIR; };
		8A8D4A162CA5514700D5D78D /* Water_TrackerUITests.swift */ = {isa = PBXFileReference; lastKnownFileType = sourcecode.swift; path = Water_TrackerUITests.swift; sourceTree = "<group>"; };
		8A8D4A182CA5514700D5D78D /* Water_TrackerUITestsLaunchTests.swift */ = {isa = PBXFileReference; lastKnownFileType = sourcecode.swift; path = Water_TrackerUITestsLaunchTests.swift; sourceTree = "<group>"; };
/* End PBXFileReference section */

/* Begin PBXFrameworksBuildPhase section */
		8A8D49F52CA5514600D5D78D /* Frameworks */ = {
			isa = PBXFrameworksBuildPhase;
			buildActionMask = 2147483647;
			files = (
			);
			runOnlyForDeploymentPostprocessing = 0;
		};
		8A8D4A052CA5514700D5D78D /* Frameworks */ = {
			isa = PBXFrameworksBuildPhase;
			buildActionMask = 2147483647;
			files = (
			);
			runOnlyForDeploymentPostprocessing = 0;
		};
		8A8D4A0F2CA5514700D5D78D /* Frameworks */ = {
			isa = PBXFrameworksBuildPhase;
			buildActionMask = 2147483647;
			files = (
			);
			runOnlyForDeploymentPostprocessing = 0;
		};
/* End PBXFrameworksBuildPhase section */

/* Begin PBXGroup section */
		8A8D49EF2CA5514600D5D78D = {
			isa = PBXGroup;
			children = (
				8A8D49FA2CA5514600D5D78D /* Water Tracker */,
				8A8D4A0B2CA5514700D5D78D /* Water TrackerTests */,
				8A8D4A152CA5514700D5D78D /* Water TrackerUITests */,
				8A8D49F92CA5514600D5D78D /* Products */,
			);
			sourceTree = "<group>";
		};
		8A8D49F92CA5514600D5D78D /* Products */ = {
			isa = PBXGroup;
			children = (
				8A8D49F82CA5514600D5D78D /* Water Tracker.app */,
				8A8D4A082CA5514700D5D78D /* Water TrackerTests.xctest */,
				8A8D4A122CA5514700D5D78D /* Water TrackerUITests.xctest */,
			);
			name = Products;
			sourceTree = "<group>";
		};
		8A8D49FA2CA5514600D5D78D /* Water Tracker */ = {
			isa = PBXGroup;
			children = (
				8A8D49FB2CA5514600D5D78D /* Water_TrackerApp.swift */,
				8A8D49FD2CA5514600D5D78D /* ContentView.swift */,
				8A8D49FF2CA5514700D5D78D /* Assets.xcassets */,
				8A8D4A012CA5514700D5D78D /* Preview Content */,
			);
			path = "Water Tracker";
			sourceTree = "<group>";
		};
		8A8D4A012CA5514700D5D78D /* Preview Content */ = {
			isa = PBXGroup;
			children = (
				8A8D4A022CA5514700D5D78D /* Preview Assets.xcassets */,
			);
			path = "Preview Content";
			sourceTree = "<group>";
		};
		8A8D4A0B2CA5514700D5D78D /* Water TrackerTests */ = {
			isa = PBXGroup;
			children = (
				8A8D4A0C2CA5514700D5D78D /* Water_TrackerTests.swift */,
			);
			path = "Water TrackerTests";
			sourceTree = "<group>";
		};
		8A8D4A152CA5514700D5D78D /* Water TrackerUITests */ = {
			isa = PBXGroup;
			children = (
				8A8D4A162CA5514700D5D78D /* Water_TrackerUITests.swift */,
				8A8D4A182CA5514700D5D78D /* Water_TrackerUITestsLaunchTests.swift */,
			);
			path = "Water TrackerUITests";
			sourceTree = "<group>";
		};
/* End PBXGroup section */

/* Begin PBXNativeTarget section */
		8A8D49F72CA5514600D5D78D /* Water Tracker */ = {
			isa = PBXNativeTarget;
			buildConfigurationList = 8A8D4A1C2CA5514700D5D78D /* Build configuration list for PBXNativeTarget "Water Tracker" */;
			buildPhases = (
				8A8D49F42CA5514600D5D78D /* Sources */,
				8A8D49F52CA5514600D5D78D /* Frameworks */,
				8A8D49F62CA5514600D5D78D /* Resources */,
			);
			buildRules = (
			);
			dependencies = (
			);
			name = "Water Tracker";
			productName = "Water Tracker";
			productReference = 8A8D49F82CA5514600D5D78D /* Water Tracker.app */;
			productType = "com.apple.product-type.application";
		};
		8A8D4A072CA5514700D5D78D /* Water TrackerTests */ = {
			isa = PBXNativeTarget;
			buildConfigurationList = 8A8D4A1F2CA5514700D5D78D /* Build configuration list for PBXNativeTarget "Water TrackerTests" */;
			buildPhases = (
				8A8D4A042CA5514700D5D78D /* Sources */,
				8A8D4A052CA5514700D5D78D /* Frameworks */,
				8A8D4A062CA5514700D5D78D /* Resources */,
			);
			buildRules = (
			);
			dependencies = (
				8A8D4A0A2CA5514700D5D78D /* PBXTargetDependency */,
			);
			name = "Water TrackerTests";
			productName = "Water TrackerTests";
			productReference = 8A8D4A082CA5514700D5D78D /* Water TrackerTests.xctest */;
			productType = "com.apple.product-type.bundle.unit-test";
		};
		8A8D4A112CA5514700D5D78D /* Water TrackerUITests */ = {
			isa = PBXNativeTarget;
			buildConfigurationList = 8A8D4A222CA5514700D5D78D /* Build configuration list for PBXNativeTarget "Water TrackerUITests" */;
			buildPhases = (
				8A8D4A0E2CA5514700D5D78D /* Sources */,
				8A8D4A0F2CA5514700D5D78D /* Frameworks */,
				8A8D4A102CA5514700D5D78D /* Resources */,
			);
			buildRules = (
			);
			dependencies = (
				8A8D4A142CA5514700D5D78D /* PBXTargetDependency */,
			);
			name = "Water TrackerUITests";
			productName = "Water TrackerUITests";
			productReference = 8A8D4A122CA5514700D5D78D /* Water TrackerUITests.xctest */;
			productType = "com.apple.product-type.bundle.ui-testing";
		};
/* End PBXNativeTarget section */

/* Begin PBXProject section */
		8A8D49F02CA5514600D5D78D /* Project object */ = {
			isa = PBXProject;
			attributes = {
				BuildIndependentTargetsInParallel = 1;
				LastSwiftUpdateCheck = 1540;
				LastUpgradeCheck = 1540;
				TargetAttributes = {
					8A8D49F72CA5514600D5D78D = {
						CreatedOnToolsVersion = 15.4;
					};
					8A8D4A072CA5514700D5D78D = {
						CreatedOnToolsVersion = 15.4;
						TestTargetID = 8A8D49F72CA5514600D5D78D;
					};
					8A8D4A112CA5514700D5D78D = {
						CreatedOnToolsVersion = 15.4;
						TestTargetID = 8A8D49F72CA5514600D5D78D;
					};
				};
			};
			buildConfigurationList = 8A8D49F32CA5514600D5D78D /* Build configuration list for PBXProject "Water Tracker" */;
			compatibilityVersion = "Xcode 14.0";
			developmentRegion = en;
			hasScannedForEncodings = 0;
			knownRegions = (
				en,
				Base,
			);
			mainGroup = 8A8D49EF2CA5514600D5D78D;
			productRefGroup = 8A8D49F92CA5514600D5D78D /* Products */;
			projectDirPath = "";
			projectRoot = "";
			targets = (
				8A8D49F72CA5514600D5D78D /* Water Tracker */,
				8A8D4A072CA5514700D5D78D /* Water TrackerTests */,
				8A8D4A112CA5514700D5D78D /* Water TrackerUITests */,
			);
		};
/* End PBXProject section */

/* Begin PBXResourcesBuildPhase section */
		8A8D49F62CA5514600D5D78D /* Resources */ = {
			isa = PBXResourcesBuildPhase;
			buildActionMask = 2147483647;
			files = (
				8A8D4A032CA5514700D5D78D /* Preview Assets.xcassets in Resources */,
				8A8D4A002CA5514700D5D78D /* Assets.xcassets in Resources */,
			);
			runOnlyForDeploymentPostprocessing = 0;
		};
		8A8D4A062CA5514700D5D78D /* Resources */ = {
			isa = PBXResourcesBuildPhase;
			buildActionMask = 2147483647;
			files = (
			);
			runOnlyForDeploymentPostprocessing = 0;
		};
		8A8D4A102CA5514700D5D78D /* Resources */ = {
			isa = PBXResourcesBuildPhase;
			buildActionMask = 2147483647;
			files = (
			);
			runOnlyForDeploymentPostprocessing = 0;
		};
/* End PBXResourcesBuildPhase section */

/* Begin PBXSourcesBuildPhase section */
		8A8D49F42CA5514600D5D78D /* Sources */ = {
			isa = PBXSourcesBuildPhase;
			buildActionMask = 2147483647;
			files = (
				8A8D49FE2CA5514600D5D78D /* ContentView.swift in Sources */,
				8A8D49FC2CA5514600D5D78D /* Water_TrackerApp.swift in Sources */,
			);
			runOnlyForDeploymentPostprocessing = 0;
		};
		8A8D4A042CA5514700D5D78D /* Sources */ = {
			isa = PBXSourcesBuildPhase;
			buildActionMask = 2147483647;
			files = (
				8A8D4A0D2CA5514700D5D78D /* Water_TrackerTests.swift in Sources */,
			);
			runOnlyForDeploymentPostprocessing = 0;
		};
		8A8D4A0E2CA5514700D5D78D /* Sources */ = {
			isa = PBXSourcesBuildPhase;
			buildActionMask = 2147483647;
			files = (
				8A8D4A172CA5514700D5D78D /* Water_TrackerUITests.swift in Sources */,
				8A8D4A192CA5514700D5D78D /* Water_TrackerUITestsLaunchTests.swift in Sources */,
			);
			runOnlyForDeploymentPostprocessing = 0;
		};
/* End PBXSourcesBuildPhase section */

/* Begin PBXTargetDependency section */
		8A8D4A0A2CA5514700D5D78D /* PBXTargetDependency */ = {
			isa = PBXTargetDependency;
			target = 8A8D49F72CA5514600D5D78D /* Water Tracker */;
			targetProxy = 8A8D4A092CA5514700D5D78D /* PBXContainerItemProxy */;
		};
		8A8D4A142CA5514700D5D78D /* PBXTargetDependency */ = {
			isa = PBXTargetDependency;
			target = 8A8D49F72CA5514600D5D78D /* Water Tracker */;
			targetProxy = 8A8D4A132CA5514700D5D78D /* PBXContainerItemProxy */;
		};
/* End PBXTargetDependency section */

/* Begin XCBuildConfiguration section */
		8A8D4A1A2CA5514700D5D78D /* Debug */ = {
			isa = XCBuildConfiguration;
			buildSettings = {
				ALWAYS_SEARCH_USER_PATHS = NO;
				ASSETCATALOG_COMPILER_GENERATE_SWIFT_ASSET_SYMBOL_EXTENSIONS = YES;
				CLANG_ANALYZER_NONNULL = YES;
				CLANG_ANALYZER_NUMBER_OBJECT_CONVERSION = YES_AGGRESSIVE;
				CLANG_CXX_LANGUAGE_STANDARD = "gnu++20";
				CLANG_ENABLE_MODULES = YES;
				CLANG_ENABLE_OBJC_ARC = YES;
				CLANG_ENABLE_OBJC_WEAK = YES;
				CLANG_WARN_BLOCK_CAPTURE_AUTORELEASING = YES;
				CLANG_WARN_BOOL_CONVERSION = YES;
				CLANG_WARN_COMMA = YES;
				CLANG_WARN_CONSTANT_CONVERSION = YES;
				CLANG_WARN_DEPRECATED_OBJC_IMPLEMENTATIONS = YES;
				CLANG_WARN_DIRECT_OBJC_ISA_USAGE = YES_ERROR;
				CLANG_WARN_DOCUMENTATION_COMMENTS = YES;
				CLANG_WARN_EMPTY_BODY = YES;
				CLANG_WARN_ENUM_CONVERSION = YES;
				CLANG_WARN_INFINITE_RECURSION = YES;
				CLANG_WARN_INT_CONVERSION = YES;
				CLANG_WARN_NON_LITERAL_NULL_CONVERSION = YES;
				CLANG_WARN_OBJC_IMPLICIT_RETAIN_SELF = YES;
				CLANG_WARN_OBJC_LITERAL_CONVERSION = YES;
				CLANG_WARN_OBJC_ROOT_CLASS = YES_ERROR;
				CLANG_WARN_QUOTED_INCLUDE_IN_FRAMEWORK_HEADER = YES;
				CLANG_WARN_RANGE_LOOP_ANALYSIS = YES;
				CLANG_WARN_STRICT_PROTOTYPES = YES;
				CLANG_WARN_SUSPICIOUS_MOVE = YES;
				CLANG_WARN_UNGUARDED_AVAILABILITY = YES_AGGRESSIVE;
				CLANG_WARN_UNREACHABLE_CODE = YES;
				CLANG_WARN__DUPLICATE_METHOD_MATCH = YES;
				COPY_PHASE_STRIP = NO;
				DEBUG_INFORMATION_FORMAT = dwarf;
				ENABLE_STRICT_OBJC_MSGSEND = YES;
				ENABLE_TESTABILITY = YES;
				ENABLE_USER_SCRIPT_SANDBOXING = YES;
				GCC_C_LANGUAGE_STANDARD = gnu17;
				GCC_DYNAMIC_NO_PIC = NO;
				GCC_NO_COMMON_BLOCKS = YES;
				GCC_OPTIMIZATION_LEVEL = 0;
				GCC_PREPROCESSOR_DEFINITIONS = (
					"DEBUG=1",
					"$(inherited)",
				);
				GCC_WARN_64_TO_32_BIT_CONVERSION = YES;
				GCC_WARN_ABOUT_RETURN_TYPE = YES_ERROR;
				GCC_WARN_UNDECLARED_SELECTOR = YES;
				GCC_WARN_UNINITIALIZED_AUTOS = YES_AGGRESSIVE;
				GCC_WARN_UNUSED_FUNCTION = YES;
				GCC_WARN_UNUSED_VARIABLE = YES;
				IPHONEOS_DEPLOYMENT_TARGET = 17.5;
				LOCALIZATION_PREFERS_STRING_CATALOGS = YES;
				MTL_ENABLE_DEBUG_INFO = INCLUDE_SOURCE;
				MTL_FAST_MATH = YES;
				ONLY_ACTIVE_ARCH = YES;
				SDKROOT = iphoneos;
				SWIFT_ACTIVE_COMPILATION_CONDITIONS = "DEBUG $(inherited)";
				SWIFT_OPTIMIZATION_LEVEL = "-Onone";
			};
			name = Debug;
		};
		8A8D4A1B2CA5514700D5D78D /* Release */ = {
			isa = XCBuildConfiguration;
			buildSettings = {
				ALWAYS_SEARCH_USER_PATHS = NO;
				ASSETCATALOG_COMPILER_GENERATE_SWIFT_ASSET_SYMBOL_EXTENSIONS = YES;
				CLANG_ANALYZER_NONNULL = YES;
				CLANG_ANALYZER_NUMBER_OBJECT_CONVERSION = YES_AGGRESSIVE;
				CLANG_CXX_LANGUAGE_STANDARD = "gnu++20";
				CLANG_ENABLE_MODULES = YES;
				CLANG_ENABLE_OBJC_ARC = YES;
				CLANG_ENABLE_OBJC_WEAK = YES;
				CLANG_WARN_BLOCK_CAPTURE_AUTORELEASING = YES;
				CLANG_WARN_BOOL_CONVERSION = YES;
				CLANG_WARN_COMMA = YES;
				CLANG_WARN_CONSTANT_CONVERSION = YES;
				CLANG_WARN_DEPRECATED_OBJC_IMPLEMENTATIONS = YES;
				CLANG_WARN_DIRECT_OBJC_ISA_USAGE = YES_ERROR;
				CLANG_WARN_DOCUMENTATION_COMMENTS = YES;
				CLANG_WARN_EMPTY_BODY = YES;
				CLANG_WARN_ENUM_CONVERSION = YES;
				CLANG_WARN_INFINITE_RECURSION = YES;
				CLANG_WARN_INT_CONVERSION = YES;
				CLANG_WARN_NON_LITERAL_NULL_CONVERSION = YES;
				CLANG_WARN_OBJC_IMPLICIT_RETAIN_SELF = YES;
				CLANG_WARN_OBJC_LITERAL_CONVERSION = YES;
				CLANG_WARN_OBJC_ROOT_CLASS = YES_ERROR;
				CLANG_WARN_QUOTED_INCLUDE_IN_FRAMEWORK_HEADER = YES;
				CLANG_WARN_RANGE_LOOP_ANALYSIS = YES;
				CLANG_WARN_STRICT_PROTOTYPES = YES;
				CLANG_WARN_SUSPICIOUS_MOVE = YES;
				CLANG_WARN_UNGUARDED_AVAILABILITY = YES_AGGRESSIVE;
				CLANG_WARN_UNREACHABLE_CODE = YES;
				CLANG_WARN__DUPLICATE_METHOD_MATCH = YES;
				COPY_PHASE_STRIP = NO;
				DEBUG_INFORMATION_FORMAT = "dwarf-with-dsym";
				ENABLE_NS_ASSERTIONS = NO;
				ENABLE_STRICT_OBJC_MSGSEND = YES;
				ENABLE_USER_SCRIPT_SANDBOXING = YES;
				GCC_C_LANGUAGE_STANDARD = gnu17;
				GCC_NO_COMMON_BLOCKS = YES;
				GCC_WARN_64_TO_32_BIT_CONVERSION = YES;
				GCC_WARN_ABOUT_RETURN_TYPE = YES_ERROR;
				GCC_WARN_UNDECLARED_SELECTOR = YES;
				GCC_WARN_UNINITIALIZED_AUTOS = YES_AGGRESSIVE;
				GCC_WARN_UNUSED_FUNCTION = YES;
				GCC_WARN_UNUSED_VARIABLE = YES;
				IPHONEOS_DEPLOYMENT_TARGET = 17.5;
				LOCALIZATION_PREFERS_STRING_CATALOGS = YES;
				MTL_ENABLE_DEBUG_INFO = NO;
				MTL_FAST_MATH = YES;
				SDKROOT = iphoneos;
				SWIFT_COMPILATION_MODE = wholemodule;
				VALIDATE_PRODUCT = YES;
			};
			name = Release;
		};
		8A8D4A1D2CA5514700D5D78D /* Debug */ = {
			isa = XCBuildConfiguration;
			buildSettings = {
				ASSETCATALOG_COMPILER_APPICON_NAME = AppIcon;
				ASSETCATALOG_COMPILER_GLOBAL_ACCENT_COLOR_NAME = AccentColor;
				CODE_SIGN_STYLE = Automatic;
				CURRENT_PROJECT_VERSION = 1;
				DEVELOPMENT_ASSET_PATHS = "\"Water Tracker/Preview Content\"";
				ENABLE_PREVIEWS = YES;
				GENERATE_INFOPLIST_FILE = YES;
				INFOPLIST_KEY_UIApplicationSceneManifest_Generation = YES;
				INFOPLIST_KEY_UIApplicationSupportsIndirectInputEvents = YES;
				INFOPLIST_KEY_UILaunchScreen_Generation = YES;
				INFOPLIST_KEY_UISupportedInterfaceOrientations_iPad = "UIInterfaceOrientationPortrait UIInterfaceOrientationPortraitUpsideDown UIInterfaceOrientationLandscapeLeft UIInterfaceOrientationLandscapeRight";
				INFOPLIST_KEY_UISupportedInterfaceOrientations_iPhone = "UIInterfaceOrientationPortrait UIInterfaceOrientationLandscapeLeft UIInterfaceOrientationLandscapeRight";
				LD_RUNPATH_SEARCH_PATHS = (
					"$(inherited)",
					"@executable_path/Frameworks",
				);
				MARKETING_VERSION = 1.0;
				PRODUCT_BUNDLE_IDENTIFIER = "com.Nada.Water-Tracker";
				PRODUCT_NAME = "$(TARGET_NAME)";
				SWIFT_EMIT_LOC_STRINGS = YES;
				SWIFT_VERSION = 5.0;
				TARGETED_DEVICE_FAMILY = "1,2";
			};
			name = Debug;
		};
		8A8D4A1E2CA5514700D5D78D /* Release */ = {
			isa = XCBuildConfiguration;
			buildSettings = {
				ASSETCATALOG_COMPILER_APPICON_NAME = AppIcon;
				ASSETCATALOG_COMPILER_GLOBAL_ACCENT_COLOR_NAME = AccentColor;
				CODE_SIGN_STYLE = Automatic;
				CURRENT_PROJECT_VERSION = 1;
				DEVELOPMENT_ASSET_PATHS = "\"Water Tracker/Preview Content\"";
				ENABLE_PREVIEWS = YES;
				GENERATE_INFOPLIST_FILE = YES;
				INFOPLIST_KEY_UIApplicationSceneManifest_Generation = YES;
				INFOPLIST_KEY_UIApplicationSupportsIndirectInputEvents = YES;
				INFOPLIST_KEY_UILaunchScreen_Generation = YES;
				INFOPLIST_KEY_UISupportedInterfaceOrientations_iPad = "UIInterfaceOrientationPortrait UIInterfaceOrientationPortraitUpsideDown UIInterfaceOrientationLandscapeLeft UIInterfaceOrientationLandscapeRight";
				INFOPLIST_KEY_UISupportedInterfaceOrientations_iPhone = "UIInterfaceOrientationPortrait UIInterfaceOrientationLandscapeLeft UIInterfaceOrientationLandscapeRight";
				LD_RUNPATH_SEARCH_PATHS = (
					"$(inherited)",
					"@executable_path/Frameworks",
				);
				MARKETING_VERSION = 1.0;
				PRODUCT_BUNDLE_IDENTIFIER = "com.Nada.Water-Tracker";
				PRODUCT_NAME = "$(TARGET_NAME)";
				SWIFT_EMIT_LOC_STRINGS = YES;
				SWIFT_VERSION = 5.0;
				TARGETED_DEVICE_FAMILY = "1,2";
			};
			name = Release;
		};
		8A8D4A202CA5514700D5D78D /* Debug */ = {
			isa = XCBuildConfiguration;
			buildSettings = {
				ALWAYS_EMBED_SWIFT_STANDARD_LIBRARIES = YES;
				BUNDLE_LOADER = "$(TEST_HOST)";
				CODE_SIGN_STYLE = Automatic;
				CURRENT_PROJECT_VERSION = 1;
				GENERATE_INFOPLIST_FILE = YES;
				IPHONEOS_DEPLOYMENT_TARGET = 17.5;
				MARKETING_VERSION = 1.0;
				PRODUCT_BUNDLE_IDENTIFIER = "com.Nada.Water-TrackerTests";
				PRODUCT_NAME = "$(TARGET_NAME)";
				SWIFT_EMIT_LOC_STRINGS = NO;
				SWIFT_VERSION = 5.0;
				TARGETED_DEVICE_FAMILY = "1,2";
				TEST_HOST = "$(BUILT_PRODUCTS_DIR)/Water Tracker.app/$(BUNDLE_EXECUTABLE_FOLDER_PATH)/Water Tracker";
			};
			name = Debug;
		};
		8A8D4A212CA5514700D5D78D /* Release */ = {
			isa = XCBuildConfiguration;
			buildSettings = {
				ALWAYS_EMBED_SWIFT_STANDARD_LIBRARIES = YES;
				BUNDLE_LOADER = "$(TEST_HOST)";
				CODE_SIGN_STYLE = Automatic;
				CURRENT_PROJECT_VERSION = 1;
				GENERATE_INFOPLIST_FILE = YES;
				IPHONEOS_DEPLOYMENT_TARGET = 17.5;
				MARKETING_VERSION = 1.0;
				PRODUCT_BUNDLE_IDENTIFIER = "com.Nada.Water-TrackerTests";
				PRODUCT_NAME = "$(TARGET_NAME)";
				SWIFT_EMIT_LOC_STRINGS = NO;
				SWIFT_VERSION = 5.0;
				TARGETED_DEVICE_FAMILY = "1,2";
				TEST_HOST = "$(BUILT_PRODUCTS_DIR)/Water Tracker.app/$(BUNDLE_EXECUTABLE_FOLDER_PATH)/Water Tracker";
			};
			name = Release;
		};
		8A8D4A232CA5514700D5D78D /* Debug */ = {
			isa = XCBuildConfiguration;
			buildSettings = {
				ALWAYS_EMBED_SWIFT_STANDARD_LIBRARIES = YES;
				CODE_SIGN_STYLE = Automatic;
				CURRENT_PROJECT_VERSION = 1;
				GENERATE_INFOPLIST_FILE = YES;
				MARKETING_VERSION = 1.0;
				PRODUCT_BUNDLE_IDENTIFIER = "com.Nada.Water-TrackerUITests";
				PRODUCT_NAME = "$(TARGET_NAME)";
				SWIFT_EMIT_LOC_STRINGS = NO;
				SWIFT_VERSION = 5.0;
				TARGETED_DEVICE_FAMILY = "1,2";
				TEST_TARGET_NAME = "Water Tracker";
			};
			name = Debug;
		};
		8A8D4A242CA5514700D5D78D /* Release */ = {
			isa = XCBuildConfiguration;
			buildSettings = {
				ALWAYS_EMBED_SWIFT_STANDARD_LIBRARIES = YES;
				CODE_SIGN_STYLE = Automatic;
				CURRENT_PROJECT_VERSION = 1;
				GENERATE_INFOPLIST_FILE = YES;
				MARKETING_VERSION = 1.0;
				PRODUCT_BUNDLE_IDENTIFIER = "com.Nada.Water-TrackerUITests";
				PRODUCT_NAME = "$(TARGET_NAME)";
				SWIFT_EMIT_LOC_STRINGS = NO;
				SWIFT_VERSION = 5.0;
				TARGETED_DEVICE_FAMILY = "1,2";
				TEST_TARGET_NAME = "Water Tracker";
			};
			name = Release;
		};
/* End XCBuildConfiguration section */

/* Begin XCConfigurationList section */
		8A8D49F32CA5514600D5D78D /* Build configuration list for PBXProject "Water Tracker" */ = {
			isa = XCConfigurationList;
			buildConfigurations = (
				8A8D4A1A2CA5514700D5D78D /* Debug */,
				8A8D4A1B2CA5514700D5D78D /* Release */,
			);
			defaultConfigurationIsVisible = 0;
			defaultConfigurationName = Release;
		};
		8A8D4A1C2CA5514700D5D78D /* Build configuration list for PBXNativeTarget "Water Tracker" */ = {
			isa = XCConfigurationList;
			buildConfigurations = (
				8A8D4A1D2CA5514700D5D78D /* Debug */,
				8A8D4A1E2CA5514700D5D78D /* Release */,
			);
			defaultConfigurationIsVisible = 0;
			defaultConfigurationName = Release;
		};
		8A8D4A1F2CA5514700D5D78D /* Build configuration list for PBXNativeTarget "Water TrackerTests" */ = {
			isa = XCConfigurationList;
			buildConfigurations = (
				8A8D4A202CA5514700D5D78D /* Debug */,
				8A8D4A212CA5514700D5D78D /* Release */,
			);
			defaultConfigurationIsVisible = 0;
			defaultConfigurationName = Release;
		};
		8A8D4A222CA5514700D5D78D /* Build configuration list for PBXNativeTarget "Water TrackerUITests" */ = {
			isa = XCConfigurationList;
			buildConfigurations = (
				8A8D4A232CA5514700D5D78D /* Debug */,
				8A8D4A242CA5514700D5D78D /* Release */,
			);
			defaultConfigurationIsVisible = 0;
			defaultConfigurationName = Release;
		};
/* End XCConfigurationList section */
	};
	rootObject = 8A8D49F02CA5514600D5D78D /* Project object */;
}
